PODS:
  - LindaNetwork (0.1.0):
    - YYModel
  - YYCache (1.0.4)
  - YYModel (1.0.4)

DEPENDENCIES:
  - LindaNetwork (from `../`)
  - YYCache
  - YYModel

EXTERNAL SOURCES:
  LindaNetwork:
    :path: ../

SPEC CHECKSUMS:
  LindaNetwork: 95f9a3e18b3f62f21cd954bfdc901dd8a19910e4
  YYCache: 8105b6638f5e849296c71f331ff83891a4942952
  YYModel: 2a7fdd96aaa4b86a824e26d0c517de8928c04b30

PODFILE CHECKSUM: 20a75088494a7f2a0074630dc8eb00cde23ba0f6

COCOAPODS: 1.2.1
